
Microsoft Visual Studio Solution File, Format Version 12.00
# Visual Studio Version 16
VisualStudioVersion = 16.0.29326.143
MinimumVisualStudioVersion = 10.0.40219.1
Project("{FAE04EC0-301F-11D3-BF4B-00C04F79EFBC}") = "ItAc05NomsCiutats01", "ItAc05NomsCiutats01\ItAc05NomsCiutats01.csproj", "{E0F06209-AFA6-497D-BA42-1BCD4539FBFB}"
EndProject
Global
	GlobalSection(SolutionConfigurationPlatforms) = preSolution
		Debug|Any CPU = Debug|Any CPU
		Release|Any CPU = Release|Any CPU
	EndGlobalSection
	GlobalSection(ProjectConfigurationPlatforms) = postSolution
		{E0F06209-AFA6-497D-BA42-1BCD4539FBFB}.Debug|Any CPU.ActiveCfg = Debug|Any CPU
		{E0F06209-AFA6-497D-BA42-1BCD4539FBFB}.Debug|Any CPU.Build.0 = Debug|Any CPU
		{E0F06209-AFA6-497D-BA42-1BCD4539FBFB}.Release|Any CPU.ActiveCfg = Release|Any CPU
		{E0F06209-AFA6-497D-BA42-1BCD4539FBFB}.Release|Any CPU.Build.0 = Release|Any CPU
	EndGlobalSection
	GlobalSection(SolutionProperties) = preSolution
		HideSolutionNode = FALSE
	EndGlobalSection
	GlobalSection(ExtensibilityGlobals) = postSolution
		SolutionGuid = {FBA30FFF-B053-4A01-AF7C-46C1A0ED4049}
	EndGlobalSection
EndGlobal
