
Microsoft Visual Studio Solution File, Format Version 12.00
# Visual Studio Version 16
VisualStudioVersion = 16.0.29418.71
MinimumVisualStudioVersion = 10.0.40219.1
Project("{9A19103F-16F7-4668-BE54-9A1E7A4F7556}") = "Common.Lib", "Core.Lib\Common.Lib.csproj", "{7930076D-1F2D-40FE-BF9A-CB7D73C60F87}"
EndProject
Project("{FAE04EC0-301F-11D3-BF4B-00C04F79EFBC}") = "Common.Lib.DAL.EFCore", "Common.Lib.DAL.EFCore\Common.Lib.DAL.EFCore.csproj", "{02DEAC37-4033-43D1-867C-F1426CF819FC}"
EndProject
Project("{FAE04EC0-301F-11D3-BF4B-00C04F79EFBC}") = "Common.Lib.Client", "Common.Lib.Client\Common.Lib.Client.csproj", "{9EFA3751-7A49-4A20-A5EE-9014BD907B90}"
EndProject
Global
	GlobalSection(SolutionConfigurationPlatforms) = preSolution
		Debug|Any CPU = Debug|Any CPU
		Release|Any CPU = Release|Any CPU
	EndGlobalSection
	GlobalSection(ProjectConfigurationPlatforms) = postSolution
		{7930076D-1F2D-40FE-BF9A-CB7D73C60F87}.Debug|Any CPU.ActiveCfg = Debug|Any CPU
		{7930076D-1F2D-40FE-BF9A-CB7D73C60F87}.Debug|Any CPU.Build.0 = Debug|Any CPU
		{7930076D-1F2D-40FE-BF9A-CB7D73C60F87}.Release|Any CPU.ActiveCfg = Release|Any CPU
		{7930076D-1F2D-40FE-BF9A-CB7D73C60F87}.Release|Any CPU.Build.0 = Release|Any CPU
		{02DEAC37-4033-43D1-867C-F1426CF819FC}.Debug|Any CPU.ActiveCfg = Debug|Any CPU
		{02DEAC37-4033-43D1-867C-F1426CF819FC}.Debug|Any CPU.Build.0 = Debug|Any CPU
		{02DEAC37-4033-43D1-867C-F1426CF819FC}.Release|Any CPU.ActiveCfg = Release|Any CPU
		{02DEAC37-4033-43D1-867C-F1426CF819FC}.Release|Any CPU.Build.0 = Release|Any CPU
		{9EFA3751-7A49-4A20-A5EE-9014BD907B90}.Debug|Any CPU.ActiveCfg = Debug|Any CPU
		{9EFA3751-7A49-4A20-A5EE-9014BD907B90}.Debug|Any CPU.Build.0 = Debug|Any CPU
		{9EFA3751-7A49-4A20-A5EE-9014BD907B90}.Release|Any CPU.ActiveCfg = Release|Any CPU
		{9EFA3751-7A49-4A20-A5EE-9014BD907B90}.Release|Any CPU.Build.0 = Release|Any CPU
	EndGlobalSection
	GlobalSection(SolutionProperties) = preSolution
		HideSolutionNode = FALSE
	EndGlobalSection
	GlobalSection(ExtensibilityGlobals) = postSolution
		SolutionGuid = {E5F7673E-4E8E-4222-94EF-8D826F4A1AEF}
	EndGlobalSection
EndGlobal
