
Microsoft Visual Studio Solution File, Format Version 12.00
# Visual Studio Version 16
VisualStudioVersion = 16.0.29326.143
MinimumVisualStudioVersion = 10.0.40219.1
Project("{FAE04EC0-301F-11D3-BF4B-00C04F79EFBC}") = "ItAc05NomsCiutats04", "ItAc05NomsCiutats04\ItAc05NomsCiutats04.csproj", "{7F0C57B7-A725-4F4A-AD34-978DF9F5785F}"
EndProject
Global
	GlobalSection(SolutionConfigurationPlatforms) = preSolution
		Debug|Any CPU = Debug|Any CPU
		Release|Any CPU = Release|Any CPU
	EndGlobalSection
	GlobalSection(ProjectConfigurationPlatforms) = postSolution
		{7F0C57B7-A725-4F4A-AD34-978DF9F5785F}.Debug|Any CPU.ActiveCfg = Debug|Any CPU
		{7F0C57B7-A725-4F4A-AD34-978DF9F5785F}.Debug|Any CPU.Build.0 = Debug|Any CPU
		{7F0C57B7-A725-4F4A-AD34-978DF9F5785F}.Release|Any CPU.ActiveCfg = Release|Any CPU
		{7F0C57B7-A725-4F4A-AD34-978DF9F5785F}.Release|Any CPU.Build.0 = Release|Any CPU
	EndGlobalSection
	GlobalSection(SolutionProperties) = preSolution
		HideSolutionNode = FALSE
	EndGlobalSection
	GlobalSection(ExtensibilityGlobals) = postSolution
		SolutionGuid = {D0E8485B-934D-4756-89B8-9355251E847B}
	EndGlobalSection
EndGlobal
