
Microsoft Visual Studio Solution File, Format Version 12.00
# Visual Studio Version 16
VisualStudioVersion = 16.0.29326.143
MinimumVisualStudioVersion = 10.0.40219.1
Project("{FAE04EC0-301F-11D3-BF4B-00C04F79EFBC}") = "ItAc03LletresRepetides04", "ItAc03LletresRepetides04\ItAc03LletresRepetides04.csproj", "{8452C43E-3DC0-4F22-9860-6C6D2EE6792B}"
EndProject
Global
	GlobalSection(SolutionConfigurationPlatforms) = preSolution
		Debug|Any CPU = Debug|Any CPU
		Release|Any CPU = Release|Any CPU
	EndGlobalSection
	GlobalSection(ProjectConfigurationPlatforms) = postSolution
		{8452C43E-3DC0-4F22-9860-6C6D2EE6792B}.Debug|Any CPU.ActiveCfg = Debug|Any CPU
		{8452C43E-3DC0-4F22-9860-6C6D2EE6792B}.Debug|Any CPU.Build.0 = Debug|Any CPU
		{8452C43E-3DC0-4F22-9860-6C6D2EE6792B}.Release|Any CPU.ActiveCfg = Release|Any CPU
		{8452C43E-3DC0-4F22-9860-6C6D2EE6792B}.Release|Any CPU.Build.0 = Release|Any CPU
	EndGlobalSection
	GlobalSection(SolutionProperties) = preSolution
		HideSolutionNode = FALSE
	EndGlobalSection
	GlobalSection(ExtensibilityGlobals) = postSolution
		SolutionGuid = {1CDEE416-CAFA-4E25-AF3F-5E8B40DECD82}
	EndGlobalSection
EndGlobal
