
Microsoft Visual Studio Solution File, Format Version 12.00
# Visual Studio Version 16
VisualStudioVersion = 16.0.29326.143
MinimumVisualStudioVersion = 10.0.40219.1
Project("{FAE04EC0-301F-11D3-BF4B-00C04F79EFBC}") = "ItAc04ExerciciVariables", "ItAc04ExerciciVariables\ItAc04ExerciciVariables.csproj", "{6872E41B-5AAE-4F50-85B0-534AD1C0637C}"
EndProject
Global
	GlobalSection(SolutionConfigurationPlatforms) = preSolution
		Debug|Any CPU = Debug|Any CPU
		Release|Any CPU = Release|Any CPU
	EndGlobalSection
	GlobalSection(ProjectConfigurationPlatforms) = postSolution
		{6872E41B-5AAE-4F50-85B0-534AD1C0637C}.Debug|Any CPU.ActiveCfg = Debug|Any CPU
		{6872E41B-5AAE-4F50-85B0-534AD1C0637C}.Debug|Any CPU.Build.0 = Debug|Any CPU
		{6872E41B-5AAE-4F50-85B0-534AD1C0637C}.Release|Any CPU.ActiveCfg = Release|Any CPU
		{6872E41B-5AAE-4F50-85B0-534AD1C0637C}.Release|Any CPU.Build.0 = Release|Any CPU
	EndGlobalSection
	GlobalSection(SolutionProperties) = preSolution
		HideSolutionNode = FALSE
	EndGlobalSection
	GlobalSection(ExtensibilityGlobals) = postSolution
		SolutionGuid = {E9B7C3A6-F80C-4F44-8E4A-1A351B89DCA6}
	EndGlobalSection
EndGlobal
